
Microsoft Visual Studio Solution File, Format Version 12.00
# Visual Studio Version 17
VisualStudioVersion = 17.2.32516.85
MinimumVisualStudioVersion = 10.0.40219.1
Project("{FAE04EC0-301F-11D3-BF4B-00C04F79EFBC}") = "Prakt7", "Prakt7.csproj", "{F027649F-9BA3-4BC3-A7EB-2C1FC4E42EFD}"
EndProject
Global
	GlobalSection(SolutionConfigurationPlatforms) = preSolution
		Debug|Any CPU = Debug|Any CPU
		Release|Any CPU = Release|Any CPU
	EndGlobalSection
	GlobalSection(ProjectConfigurationPlatforms) = postSolution
		{F027649F-9BA3-4BC3-A7EB-2C1FC4E42EFD}.Debug|Any CPU.ActiveCfg = Debug|Any CPU
		{F027649F-9BA3-4BC3-A7EB-2C1FC4E42EFD}.Debug|Any CPU.Build.0 = Debug|Any CPU
		{F027649F-9BA3-4BC3-A7EB-2C1FC4E42EFD}.Release|Any CPU.ActiveCfg = Release|Any CPU
		{F027649F-9BA3-4BC3-A7EB-2C1FC4E42EFD}.Release|Any CPU.Build.0 = Release|Any CPU
	EndGlobalSection
	GlobalSection(SolutionProperties) = preSolution
		HideSolutionNode = FALSE
	EndGlobalSection
	GlobalSection(ExtensibilityGlobals) = postSolution
		SolutionGuid = {99D894D8-BA36-4050-A1EC-2C8280317881}
	EndGlobalSection
EndGlobal
